{
    "_readme": [
        "This file locks the dependencies of your project to a known state",
        "Read more about it at https://getcomposer.org/doc/01-basic-usage.md#installing-dependencies",
        "This file is @generated automatically"
    ],
    "content-hash": "3b9984da9e276d637e92c5c481c8e495",
    "packages": [
        {
            "name": "metaregistrar/php-dns-client",
            "version": "dev-master",
            "source": {
                "type": "git",
                "url": "https://github.com/metaregistrar/php-dns-client.git",
                "reference": "1c9cf5fcc7025cc967f3ef2a9856be759ef91d81"
            },
            "dist": {
                "type": "zip",
                "url": "https://api.github.com/repos/metaregistrar/php-dns-client/zipball/1c9cf5fcc7025cc967f3ef2a9856be759ef91d81",
                "reference": "1c9cf5fcc7025cc967f3ef2a9856be759ef91d81",
                "shasum": ""
            },
            "require-dev": {
                "phpunit/phpunit": "^4.8"
            },
            "default-branch": true,
            "type": "library",
            "autoload": {
                "classmap": [
                    "DNS/"
                ]
            },
            "notification-url": "https://packagist.org/downloads/",
            "license": [
                "proprietary"
            ],
            "authors": [
                {
                    "name": "Ewout de Graaf",
                    "email": "ewout@metaregistrar.com"
                }
            ],
            "description": "A php-only, object-oriented client that is able to read and process DNS records",
            "support": {
                "issues": "https://github.com/metaregistrar/php-dns-client/issues",
                "source": "https://github.com/metaregistrar/php-dns-client/tree/master"
            },
            "time": "2022-10-31T14:18:39+00:00"
        }
    ],
    "packages-dev": [],
    "aliases": [],
    "minimum-stability": "dev",
    "stability-flags": {
        "metaregistrar/php-dns-client": 20
    },
    "prefer-stable": false,
    "prefer-lowest": false,
    "platform": [],
    "platform-dev": [],
    "plugin-api-version": "2.6.0"
}
